// !$*UTF8*$!
{
	archiveVersion = 1;
	classes = {
	};
	objectVersion = 46;
	objects = {

/* Begin PBXBuildFile section */
		302AC3F1EFB0BDE553CB30CC /* Pods_VivaRealChallenge.framework in Frameworks */ = {isa = PBXBuildFile; fileRef = 58D541F65DD1CAB30B15006D /* Pods_VivaRealChallenge.framework */; };
		437D4B7A1F3113C5001BA23E /* AppDelegate.swift in Sources */ = {isa = PBXBuildFile; fileRef = 437D4B791F3113C5001BA23E /* AppDelegate.swift */; };
		437D4B7C1F3113C5001BA23E /* ViewController.swift in Sources */ = {isa = PBXBuildFile; fileRef = 437D4B7B1F3113C5001BA23E /* ViewController.swift */; };
		437D4B7F1F3113C5001BA23E /* Main.storyboard in Resources */ = {isa = PBXBuildFile; fileRef = 437D4B7D1F3113C5001BA23E /* Main.storyboard */; };
		437D4B811F3113C5001BA23E /* Assets.xcassets in Resources */ = {isa = PBXBuildFile; fileRef = 437D4B801F3113C5001BA23E /* Assets.xcassets */; };
		437D4B841F3113C5001BA23E /* LaunchScreen.storyboard in Resources */ = {isa = PBXBuildFile; fileRef = 437D4B821F3113C5001BA23E /* LaunchScreen.storyboard */; };
		437D4B8F1F3113C5001BA23E /* VivaRealChallengeTests.swift in Sources */ = {isa = PBXBuildFile; fileRef = 437D4B8E1F3113C5001BA23E /* VivaRealChallengeTests.swift */; };
		437D4B9E1F31222D001BA23E /* Game.swift in Sources */ = {isa = PBXBuildFile; fileRef = 437D4B9C1F31222D001BA23E /* Game.swift */; };
		437D4B9F1F31222D001BA23E /* ResponseData.swift in Sources */ = {isa = PBXBuildFile; fileRef = 437D4B9D1F31222D001BA23E /* ResponseData.swift */; };
		437D4BA31F314052001BA23E /* Connection.swift in Sources */ = {isa = PBXBuildFile; fileRef = 437D4BA21F314052001BA23E /* Connection.swift */; };
		437D4BA51F3143F9001BA23E /* Session.swift in Sources */ = {isa = PBXBuildFile; fileRef = 437D4BA41F3143F9001BA23E /* Session.swift */; };
		437D4BA91F314595001BA23E /* RequestLinks.plist in Resources */ = {isa = PBXBuildFile; fileRef = 437D4BA81F314595001BA23E /* RequestLinks.plist */; };
		437D4BAB1F314965001BA23E /* GameController.swift in Sources */ = {isa = PBXBuildFile; fileRef = 437D4BAA1F314965001BA23E /* GameController.swift */; };
		437D4BAD1F314B40001BA23E /* Service.swift in Sources */ = {isa = PBXBuildFile; fileRef = 437D4BAC1F314B40001BA23E /* Service.swift */; };
		437D4BAF1F314B9A001BA23E /* Model.swift in Sources */ = {isa = PBXBuildFile; fileRef = 437D4BAE1F314B9A001BA23E /* Model.swift */; };
		437D4BB21F31521E001BA23E /* EnvironmentLinks.swift in Sources */ = {isa = PBXBuildFile; fileRef = 437D4BB01F31521E001BA23E /* EnvironmentLinks.swift */; };
		437D4BB31F31521E001BA23E /* EnvironmentLinks.plist in Resources */ = {isa = PBXBuildFile; fileRef = 437D4BB11F31521E001BA23E /* EnvironmentLinks.plist */; };
		437D4BB51F3159F1001BA23E /* FileManager.swift in Sources */ = {isa = PBXBuildFile; fileRef = 437D4BB41F3159F1001BA23E /* FileManager.swift */; };
		437D4BB71F317517001BA23E /* GameCollectionView.swift in Sources */ = {isa = PBXBuildFile; fileRef = 437D4BB61F317517001BA23E /* GameCollectionView.swift */; };
		437D4BCF1F317CE5001BA23E /* ac3.jpg in Resources */ = {isa = PBXBuildFile; fileRef = 437D4BB91F317CE5001BA23E /* ac3.jpg */; };
		437D4BD01F317CE5001BA23E /* bs.jpg in Resources */ = {isa = PBXBuildFile; fileRef = 437D4BBA1F317CE5001BA23E /* bs.jpg */; };
		437D4BD11F317CE5001BA23E /* ac2.jpg in Resources */ = {isa = PBXBuildFile; fileRef = 437D4BBB1F317CE5001BA23E /* ac2.jpg */; };
		437D4BD21F317CE5001BA23E /* tf3.jpg in Resources */ = {isa = PBXBuildFile; fileRef = 437D4BBC1F317CE5001BA23E /* tf3.jpg */; };
		437D4BD31F317CE5001BA23E /* tf2.jpg in Resources */ = {isa = PBXBuildFile; fileRef = 437D4BBD1F317CE5001BA23E /* tf2.jpg */; };
		437D4BD41F317CE5001BA23E /* halo1.jpg in Resources */ = {isa = PBXBuildFile; fileRef = 437D4BBE1F317CE5001BA23E /* halo1.jpg */; };
		437D4BD51F317CE5001BA23E /* cs.jpg in Resources */ = {isa = PBXBuildFile; fileRef = 437D4BBF1F317CE5001BA23E /* cs.jpg */; };
		437D4BD61F317CE5001BA23E /* ts.jpg in Resources */ = {isa = PBXBuildFile; fileRef = 437D4BC01F317CE5001BA23E /* ts.jpg */; };
		437D4BD71F317CE5001BA23E /* tf.jpg in Resources */ = {isa = PBXBuildFile; fileRef = 437D4BC11F317CE5001BA23E /* tf.jpg */; };
		437D4BD81F317CE5001BA23E /* tb.jpg in Resources */ = {isa = PBXBuildFile; fileRef = 437D4BC21F317CE5001BA23E /* tb.jpg */; };
		437D4BD91F317CE5001BA23E /* mine.jpg in Resources */ = {isa = PBXBuildFile; fileRef = 437D4BC31F317CE5001BA23E /* mine.jpg */; };
		437D4BDA1F317CE5001BA23E /* metro.jpg in Resources */ = {isa = PBXBuildFile; fileRef = 437D4BC41F317CE5001BA23E /* metro.jpg */; };
		437D4BDB1F317CE5001BA23E /* halob.jpg in Resources */ = {isa = PBXBuildFile; fileRef = 437D4BC51F317CE5001BA23E /* halob.jpg */; };
		437D4BDC1F317CE5001BA23E /* ac.jpg in Resources */ = {isa = PBXBuildFile; fileRef = 437D4BC61F317CE5001BA23E /* ac.jpg */; };
		437D4BDD1F317CE5001BA23E /* fc.jpg in Resources */ = {isa = PBXBuildFile; fileRef = 437D4BC71F317CE5001BA23E /* fc.jpg */; };
		437D4BDE1F317CE5001BA23E /* wd.jpg in Resources */ = {isa = PBXBuildFile; fileRef = 437D4BC81F317CE5001BA23E /* wd.jpg */; };
		437D4BDF1F317CE5001BA23E /* hitman.jpg in Resources */ = {isa = PBXBuildFile; fileRef = 437D4BC91F317CE5001BA23E /* hitman.jpg */; };
		437D4BE01F317CE5001BA23E /* gta.jpg in Resources */ = {isa = PBXBuildFile; fileRef = 437D4BCA1F317CE5001BA23E /* gta.jpg */; };
		437D4BE11F317CE5001BA23E /* ds.jpg in Resources */ = {isa = PBXBuildFile; fileRef = 437D4BCB1F317CE5001BA23E /* ds.jpg */; };
		437D4BE21F317CE5001BA23E /* halo.jpg in Resources */ = {isa = PBXBuildFile; fileRef = 437D4BCC1F317CE5001BA23E /* halo.jpg */; };
		437D4BE31F317CE5001BA23E /* battlefield.jpg in Resources */ = {isa = PBXBuildFile; fileRef = 437D4BCD1F317CE5001BA23E /* battlefield.jpg */; };
		437D4BE41F317CE5001BA23E /* mk.jpg in Resources */ = {isa = PBXBuildFile; fileRef = 437D4BCE1F317CE5001BA23E /* mk.jpg */; };
		437D4BE61F3181B6001BA23E /* GameCollectionViewCell.swift in Sources */ = {isa = PBXBuildFile; fileRef = 437D4BE51F3181B6001BA23E /* GameCollectionViewCell.swift */; };
		437D4BE81F321756001BA23E /* DetailGameTableView.swift in Sources */ = {isa = PBXBuildFile; fileRef = 437D4BE71F321756001BA23E /* DetailGameTableView.swift */; };
		437D4BEC1F325348001BA23E /* SwiftNotice.swift in Sources */ = {isa = PBXBuildFile; fileRef = 437D4BEB1F325348001BA23E /* SwiftNotice.swift */; };
		437D4BEE1F325C03001BA23E /* GameSingleton.swift in Sources */ = {isa = PBXBuildFile; fileRef = 437D4BED1F325C03001BA23E /* GameSingleton.swift */; };
		437D4BF11F32A4EE001BA23E /* GameRealmModel.swift in Sources */ = {isa = PBXBuildFile; fileRef = 437D4BF01F32A4EE001BA23E /* GameRealmModel.swift */; };
		9FDE5FC7E9BBD6A3ECBBE54D /* Pods_VivaRealChallengeTests.framework in Frameworks */ = {isa = PBXBuildFile; fileRef = 8FCC817E703AFA902F396112 /* Pods_VivaRealChallengeTests.framework */; };
/* End PBXBuildFile section */

/* Begin PBXContainerItemProxy section */
		437D4B8B1F3113C5001BA23E /* PBXContainerItemProxy */ = {
			isa = PBXContainerItemProxy;
			containerPortal = 437D4B6E1F3113C5001BA23E /* Project object */;
			proxyType = 1;
			remoteGlobalIDString = 437D4B751F3113C5001BA23E;
			remoteInfo = VivaRealChallenge;
		};
/* End PBXContainerItemProxy section */

/* Begin PBXFileReference section */
		18A14BB8E8D006757D3BEEE8 /* Pods-VivaRealChallengeTests.release.xcconfig */ = {isa = PBXFileReference; includeInIndex = 1; lastKnownFileType = text.xcconfig; name = "Pods-VivaRealChallengeTests.release.xcconfig"; path = "Pods/Target Support Files/Pods-VivaRealChallengeTests/Pods-VivaRealChallengeTests.release.xcconfig"; sourceTree = "<group>"; };
		437D4B761F3113C5001BA23E /* VivaRealChallenge.app */ = {isa = PBXFileReference; explicitFileType = wrapper.application; includeInIndex = 0; path = VivaRealChallenge.app; sourceTree = BUILT_PRODUCTS_DIR; };
		437D4B791F3113C5001BA23E /* AppDelegate.swift */ = {isa = PBXFileReference; lastKnownFileType = sourcecode.swift; path = AppDelegate.swift; sourceTree = "<group>"; };
		437D4B7B1F3113C5001BA23E /* ViewController.swift */ = {isa = PBXFileReference; lastKnownFileType = sourcecode.swift; path = ViewController.swift; sourceTree = "<group>"; };
		437D4B7E1F3113C5001BA23E /* Base */ = {isa = PBXFileReference; lastKnownFileType = file.storyboard; name = Base; path = Base.lproj/Main.storyboard; sourceTree = "<group>"; };
		437D4B801F3113C5001BA23E /* Assets.xcassets */ = {isa = PBXFileReference; lastKnownFileType = folder.assetcatalog; path = Assets.xcassets; sourceTree = "<group>"; };
		437D4B831F3113C5001BA23E /* Base */ = {isa = PBXFileReference; lastKnownFileType = file.storyboard; name = Base; path = Base.lproj/LaunchScreen.storyboard; sourceTree = "<group>"; };
		437D4B851F3113C5001BA23E /* Info.plist */ = {isa = PBXFileReference; lastKnownFileType = text.plist.xml; path = Info.plist; sourceTree = "<group>"; };
		437D4B8A1F3113C5001BA23E /* VivaRealChallengeTests.xctest */ = {isa = PBXFileReference; explicitFileType = wrapper.cfbundle; includeInIndex = 0; path = VivaRealChallengeTests.xctest; sourceTree = BUILT_PRODUCTS_DIR; };
		437D4B8E1F3113C5001BA23E /* VivaRealChallengeTests.swift */ = {isa = PBXFileReference; lastKnownFileType = sourcecode.swift; path = VivaRealChallengeTests.swift; sourceTree = "<group>"; };
		437D4B901F3113C5001BA23E /* Info.plist */ = {isa = PBXFileReference; lastKnownFileType = text.plist.xml; path = Info.plist; sourceTree = "<group>"; };
		437D4B9C1F31222D001BA23E /* Game.swift */ = {isa = PBXFileReference; fileEncoding = 4; lastKnownFileType = sourcecode.swift; path = Game.swift; sourceTree = "<group>"; };
		437D4B9D1F31222D001BA23E /* ResponseData.swift */ = {isa = PBXFileReference; fileEncoding = 4; lastKnownFileType = sourcecode.swift; path = ResponseData.swift; sourceTree = "<group>"; };
		437D4BA21F314052001BA23E /* Connection.swift */ = {isa = PBXFileReference; fileEncoding = 4; lastKnownFileType = sourcecode.swift; path = Connection.swift; sourceTree = "<group>"; };
		437D4BA41F3143F9001BA23E /* Session.swift */ = {isa = PBXFileReference; fileEncoding = 4; lastKnownFileType = sourcecode.swift; path = Session.swift; sourceTree = "<group>"; };
		437D4BA81F314595001BA23E /* RequestLinks.plist */ = {isa = PBXFileReference; fileEncoding = 4; lastKnownFileType = text.plist.xml; path = RequestLinks.plist; sourceTree = "<group>"; };
		437D4BAA1F314965001BA23E /* GameController.swift */ = {isa = PBXFileReference; fileEncoding = 4; lastKnownFileType = sourcecode.swift; path = GameController.swift; sourceTree = "<group>"; };
		437D4BAC1F314B40001BA23E /* Service.swift */ = {isa = PBXFileReference; fileEncoding = 4; lastKnownFileType = sourcecode.swift; path = Service.swift; sourceTree = "<group>"; };
		437D4BAE1F314B9A001BA23E /* Model.swift */ = {isa = PBXFileReference; fileEncoding = 4; lastKnownFileType = sourcecode.swift; path = Model.swift; sourceTree = "<group>"; };
		437D4BB01F31521E001BA23E /* EnvironmentLinks.swift */ = {isa = PBXFileReference; fileEncoding = 4; lastKnownFileType = sourcecode.swift; path = EnvironmentLinks.swift; sourceTree = "<group>"; };
		437D4BB11F31521E001BA23E /* EnvironmentLinks.plist */ = {isa = PBXFileReference; fileEncoding = 4; lastKnownFileType = text.plist.xml; path = EnvironmentLinks.plist; sourceTree = "<group>"; };
		437D4BB41F3159F1001BA23E /* FileManager.swift */ = {isa = PBXFileReference; fileEncoding = 4; lastKnownFileType = sourcecode.swift; path = FileManager.swift; sourceTree = "<group>"; };
		437D4BB61F317517001BA23E /* GameCollectionView.swift */ = {isa = PBXFileReference; fileEncoding = 4; lastKnownFileType = sourcecode.swift; path = GameCollectionView.swift; sourceTree = "<group>"; };
		437D4BB91F317CE5001BA23E /* ac3.jpg */ = {isa = PBXFileReference; lastKnownFileType = image.jpeg; path = ac3.jpg; sourceTree = "<group>"; };
		437D4BBA1F317CE5001BA23E /* bs.jpg */ = {isa = PBXFileReference; lastKnownFileType = image.jpeg; path = bs.jpg; sourceTree = "<group>"; };
		437D4BBB1F317CE5001BA23E /* ac2.jpg */ = {isa = PBXFileReference; lastKnownFileType = image.jpeg; path = ac2.jpg; sourceTree = "<group>"; };
		437D4BBC1F317CE5001BA23E /* tf3.jpg */ = {isa = PBXFileReference; lastKnownFileType = image.jpeg; path = tf3.jpg; sourceTree = "<group>"; };
		437D4BBD1F317CE5001BA23E /* tf2.jpg */ = {isa = PBXFileReference; lastKnownFileType = image.jpeg; path = tf2.jpg; sourceTree = "<group>"; };
		437D4BBE1F317CE5001BA23E /* halo1.jpg */ = {isa = PBXFileReference; lastKnownFileType = image.jpeg; path = halo1.jpg; sourceTree = "<group>"; };
		437D4BBF1F317CE5001BA23E /* cs.jpg */ = {isa = PBXFileReference; lastKnownFileType = image.jpeg; path = cs.jpg; sourceTree = "<group>"; };
		437D4BC01F317CE5001BA23E /* ts.jpg */ = {isa = PBXFileReference; lastKnownFileType = image.jpeg; path = ts.jpg; sourceTree = "<group>"; };
		437D4BC11F317CE5001BA23E /* tf.jpg */ = {isa = PBXFileReference; lastKnownFileType = image.jpeg; path = tf.jpg; sourceTree = "<group>"; };
		437D4BC21F317CE5001BA23E /* tb.jpg */ = {isa = PBXFileReference; lastKnownFileType = image.jpeg; path = tb.jpg; sourceTree = "<group>"; };
		437D4BC31F317CE5001BA23E /* mine.jpg */ = {isa = PBXFileReference; lastKnownFileType = image.jpeg; path = mine.jpg; sourceTree = "<group>"; };
		437D4BC41F317CE5001BA23E /* metro.jpg */ = {isa = PBXFileReference; lastKnownFileType = image.jpeg; path = metro.jpg; sourceTree = "<group>"; };
		437D4BC51F317CE5001BA23E /* halob.jpg */ = {isa = PBXFileReference; lastKnownFileType = image.jpeg; path = halob.jpg; sourceTree = "<group>"; };
		437D4BC61F317CE5001BA23E /* ac.jpg */ = {isa = PBXFileReference; lastKnownFileType = image.jpeg; path = ac.jpg; sourceTree = "<group>"; };
		437D4BC71F317CE5001BA23E /* fc.jpg */ = {isa = PBXFileReference; lastKnownFileType = image.jpeg; path = fc.jpg; sourceTree = "<group>"; };
		437D4BC81F317CE5001BA23E /* wd.jpg */ = {isa = PBXFileReference; lastKnownFileType = image.jpeg; path = wd.jpg; sourceTree = "<group>"; };
		437D4BC91F317CE5001BA23E /* hitman.jpg */ = {isa = PBXFileReference; lastKnownFileType = image.jpeg; path = hitman.jpg; sourceTree = "<group>"; };
		437D4BCA1F317CE5001BA23E /* gta.jpg */ = {isa = PBXFileReference; lastKnownFileType = image.jpeg; path = gta.jpg; sourceTree = "<group>"; };
		437D4BCB1F317CE5001BA23E /* ds.jpg */ = {isa = PBXFileReference; lastKnownFileType = image.jpeg; path = ds.jpg; sourceTree = "<group>"; };
		437D4BCC1F317CE5001BA23E /* halo.jpg */ = {isa = PBXFileReference; lastKnownFileType = image.jpeg; path = halo.jpg; sourceTree = "<group>"; };
		437D4BCD1F317CE5001BA23E /* battlefield.jpg */ = {isa = PBXFileReference; lastKnownFileType = image.jpeg; path = battlefield.jpg; sourceTree = "<group>"; };
		437D4BCE1F317CE5001BA23E /* mk.jpg */ = {isa = PBXFileReference; lastKnownFileType = image.jpeg; path = mk.jpg; sourceTree = "<group>"; };
		437D4BE51F3181B6001BA23E /* GameCollectionViewCell.swift */ = {isa = PBXFileReference; fileEncoding = 4; lastKnownFileType = sourcecode.swift; path = GameCollectionViewCell.swift; sourceTree = "<group>"; };
		437D4BE71F321756001BA23E /* DetailGameTableView.swift */ = {isa = PBXFileReference; fileEncoding = 4; lastKnownFileType = sourcecode.swift; path = DetailGameTableView.swift; sourceTree = "<group>"; };
		437D4BEB1F325348001BA23E /* SwiftNotice.swift */ = {isa = PBXFileReference; fileEncoding = 4; lastKnownFileType = sourcecode.swift; path = SwiftNotice.swift; sourceTree = "<group>"; };
		437D4BED1F325C03001BA23E /* GameSingleton.swift */ = {isa = PBXFileReference; fileEncoding = 4; lastKnownFileType = sourcecode.swift; path = GameSingleton.swift; sourceTree = "<group>"; };
		437D4BF01F32A4EE001BA23E /* GameRealmModel.swift */ = {isa = PBXFileReference; fileEncoding = 4; lastKnownFileType = sourcecode.swift; path = GameRealmModel.swift; sourceTree = "<group>"; };
		58D541F65DD1CAB30B15006D /* Pods_VivaRealChallenge.framework */ = {isa = PBXFileReference; explicitFileType = wrapper.framework; includeInIndex = 0; path = Pods_VivaRealChallenge.framework; sourceTree = BUILT_PRODUCTS_DIR; };
		658A6F2E019EB4089FE5B64D /* Pods-VivaRealChallenge.release.xcconfig */ = {isa = PBXFileReference; includeInIndex = 1; lastKnownFileType = text.xcconfig; name = "Pods-VivaRealChallenge.release.xcconfig"; path = "Pods/Target Support Files/Pods-VivaRealChallenge/Pods-VivaRealChallenge.release.xcconfig"; sourceTree = "<group>"; };
		8FCC817E703AFA902F396112 /* Pods_VivaRealChallengeTests.framework */ = {isa = PBXFileReference; explicitFileType = wrapper.framework; includeInIndex = 0; path = Pods_VivaRealChallengeTests.framework; sourceTree = BUILT_PRODUCTS_DIR; };
		C787751AB13326D5227E14AF /* Pods-VivaRealChallengeTests.debug.xcconfig */ = {isa = PBXFileReference; includeInIndex = 1; lastKnownFileType = text.xcconfig; name = "Pods-VivaRealChallengeTests.debug.xcconfig"; path = "Pods/Target Support Files/Pods-VivaRealChallengeTests/Pods-VivaRealChallengeTests.debug.xcconfig"; sourceTree = "<group>"; };
		D2667EC30674AA252485B6E6 /* Pods-VivaRealChallenge.debug.xcconfig */ = {isa = PBXFileReference; includeInIndex = 1; lastKnownFileType = text.xcconfig; name = "Pods-VivaRealChallenge.debug.xcconfig"; path = "Pods/Target Support Files/Pods-VivaRealChallenge/Pods-VivaRealChallenge.debug.xcconfig"; sourceTree = "<group>"; };
/* End PBXFileReference section */

/* Begin PBXFrameworksBuildPhase section */
		437D4B731F3113C5001BA23E /* Frameworks */ = {
			isa = PBXFrameworksBuildPhase;
			buildActionMask = 2147483647;
			files = (
				302AC3F1EFB0BDE553CB30CC /* Pods_VivaRealChallenge.framework in Frameworks */,
			);
			runOnlyForDeploymentPostprocessing = 0;
		};
		437D4B871F3113C5001BA23E /* Frameworks */ = {
			isa = PBXFrameworksBuildPhase;
			buildActionMask = 2147483647;
			files = (
				9FDE5FC7E9BBD6A3ECBBE54D /* Pods_VivaRealChallengeTests.framework in Frameworks */,
			);
			runOnlyForDeploymentPostprocessing = 0;
		};
/* End PBXFrameworksBuildPhase section */

/* Begin PBXGroup section */
		12691DDCA0D2A37C140989C7 /* Frameworks */ = {
			isa = PBXGroup;
			children = (
				58D541F65DD1CAB30B15006D /* Pods_VivaRealChallenge.framework */,
				8FCC817E703AFA902F396112 /* Pods_VivaRealChallengeTests.framework */,
			);
			name = Frameworks;
			sourceTree = "<group>";
		};
		437D4B6D1F3113C5001BA23E = {
			isa = PBXGroup;
			children = (
				437D4B781F3113C5001BA23E /* VivaRealChallenge */,
				437D4B8D1F3113C5001BA23E /* VivaRealChallengeTests */,
				437D4B771F3113C5001BA23E /* Products */,
				BA67D6A659159F3E6A68C0B1 /* Pods */,
				12691DDCA0D2A37C140989C7 /* Frameworks */,
			);
			sourceTree = "<group>";
		};
		437D4B771F3113C5001BA23E /* Products */ = {
			isa = PBXGroup;
			children = (
				437D4B761F3113C5001BA23E /* VivaRealChallenge.app */,
				437D4B8A1F3113C5001BA23E /* VivaRealChallengeTests.xctest */,
			);
			name = Products;
			sourceTree = "<group>";
		};
		437D4B781F3113C5001BA23E /* VivaRealChallenge */ = {
			isa = PBXGroup;
			children = (
				437D4BB81F317BC7001BA23E /* images */,
				437D4B9B1F311906001BA23E /* View */,
				437D4B9A1F3118FB001BA23E /* Controller */,
				437D4B991F3118EC001BA23E /* Model */,
				437D4B791F3113C5001BA23E /* AppDelegate.swift */,
				437D4B7B1F3113C5001BA23E /* ViewController.swift */,
				437D4B7D1F3113C5001BA23E /* Main.storyboard */,
				437D4B801F3113C5001BA23E /* Assets.xcassets */,
				437D4B821F3113C5001BA23E /* LaunchScreen.storyboard */,
				437D4B851F3113C5001BA23E /* Info.plist */,
				437D4BA21F314052001BA23E /* Connection.swift */,
				437D4BB01F31521E001BA23E /* EnvironmentLinks.swift */,
				437D4BB11F31521E001BA23E /* EnvironmentLinks.plist */,
				437D4BA41F3143F9001BA23E /* Session.swift */,
				437D4BA81F314595001BA23E /* RequestLinks.plist */,
				437D4BAC1F314B40001BA23E /* Service.swift */,
				437D4BB41F3159F1001BA23E /* FileManager.swift */,
				437D4BEB1F325348001BA23E /* SwiftNotice.swift */,
				437D4BED1F325C03001BA23E /* GameSingleton.swift */,
			);
			path = VivaRealChallenge;
			sourceTree = "<group>";
		};
		437D4B8D1F3113C5001BA23E /* VivaRealChallengeTests */ = {
			isa = PBXGroup;
			children = (
				437D4B8E1F3113C5001BA23E /* VivaRealChallengeTests.swift */,
				437D4B901F3113C5001BA23E /* Info.plist */,
			);
			path = VivaRealChallengeTests;
			sourceTree = "<group>";
		};
		437D4B991F3118EC001BA23E /* Model */ = {
			isa = PBXGroup;
			children = (
				437D4BEF1F32A4AA001BA23E /* Realm */,
				437D4B9C1F31222D001BA23E /* Game.swift */,
				437D4B9D1F31222D001BA23E /* ResponseData.swift */,
				437D4BAE1F314B9A001BA23E /* Model.swift */,
			);
			name = Model;
			sourceTree = "<group>";
		};
		437D4B9A1F3118FB001BA23E /* Controller */ = {
			isa = PBXGroup;
			children = (
				437D4BAA1F314965001BA23E /* GameController.swift */,
			);
			name = Controller;
			sourceTree = "<group>";
		};
		437D4B9B1F311906001BA23E /* View */ = {
			isa = PBXGroup;
			children = (
				437D4BB61F317517001BA23E /* GameCollectionView.swift */,
				437D4BE51F3181B6001BA23E /* GameCollectionViewCell.swift */,
				437D4BE71F321756001BA23E /* DetailGameTableView.swift */,
			);
			name = View;
			sourceTree = "<group>";
		};
		437D4BB81F317BC7001BA23E /* images */ = {
			isa = PBXGroup;
			children = (
				437D4BB91F317CE5001BA23E /* ac3.jpg */,
				437D4BBA1F317CE5001BA23E /* bs.jpg */,
				437D4BBB1F317CE5001BA23E /* ac2.jpg */,
				437D4BBC1F317CE5001BA23E /* tf3.jpg */,
				437D4BBD1F317CE5001BA23E /* tf2.jpg */,
				437D4BBE1F317CE5001BA23E /* halo1.jpg */,
				437D4BBF1F317CE5001BA23E /* cs.jpg */,
				437D4BC01F317CE5001BA23E /* ts.jpg */,
				437D4BC11F317CE5001BA23E /* tf.jpg */,
				437D4BC21F317CE5001BA23E /* tb.jpg */,
				437D4BC31F317CE5001BA23E /* mine.jpg */,
				437D4BC41F317CE5001BA23E /* metro.jpg */,
				437D4BC51F317CE5001BA23E /* halob.jpg */,
				437D4BC61F317CE5001BA23E /* ac.jpg */,
				437D4BC71F317CE5001BA23E /* fc.jpg */,
				437D4BC81F317CE5001BA23E /* wd.jpg */,
				437D4BC91F317CE5001BA23E /* hitman.jpg */,
				437D4BCA1F317CE5001BA23E /* gta.jpg */,
				437D4BCB1F317CE5001BA23E /* ds.jpg */,
				437D4BCC1F317CE5001BA23E /* halo.jpg */,
				437D4BCD1F317CE5001BA23E /* battlefield.jpg */,
				437D4BCE1F317CE5001BA23E /* mk.jpg */,
			);
			name = images;
			sourceTree = "<group>";
		};
		437D4BEF1F32A4AA001BA23E /* Realm */ = {
			isa = PBXGroup;
			children = (
				437D4BF01F32A4EE001BA23E /* GameRealmModel.swift */,
			);
			name = Realm;
			sourceTree = "<group>";
		};
		BA67D6A659159F3E6A68C0B1 /* Pods */ = {
			isa = PBXGroup;
			children = (
				D2667EC30674AA252485B6E6 /* Pods-VivaRealChallenge.debug.xcconfig */,
				658A6F2E019EB4089FE5B64D /* Pods-VivaRealChallenge.release.xcconfig */,
				C787751AB13326D5227E14AF /* Pods-VivaRealChallengeTests.debug.xcconfig */,
				18A14BB8E8D006757D3BEEE8 /* Pods-VivaRealChallengeTests.release.xcconfig */,
			);
			name = Pods;
			sourceTree = "<group>";
		};
/* End PBXGroup section */

/* Begin PBXNativeTarget section */
		437D4B751F3113C5001BA23E /* VivaRealChallenge */ = {
			isa = PBXNativeTarget;
			buildConfigurationList = 437D4B931F3113C5001BA23E /* Build configuration list for PBXNativeTarget "VivaRealChallenge" */;
			buildPhases = (
				91916347DA152CA276B50865 /* [CP] Check Pods Manifest.lock */,
				437D4B721F3113C5001BA23E /* Sources */,
				437D4B731F3113C5001BA23E /* Frameworks */,
				437D4B741F3113C5001BA23E /* Resources */,
				F5821A50679A790D893C2917 /* [CP] Embed Pods Frameworks */,
				AE94086ED27A707F49208FB6 /* [CP] Copy Pods Resources */,
			);
			buildRules = (
			);
			dependencies = (
			);
			name = VivaRealChallenge;
			productName = VivaRealChallenge;
			productReference = 437D4B761F3113C5001BA23E /* VivaRealChallenge.app */;
			productType = "com.apple.product-type.application";
		};
		437D4B891F3113C5001BA23E /* VivaRealChallengeTests */ = {
			isa = PBXNativeTarget;
			buildConfigurationList = 437D4B961F3113C5001BA23E /* Build configuration list for PBXNativeTarget "VivaRealChallengeTests" */;
			buildPhases = (
				44F56A904A95AAE83B02D368 /* [CP] Check Pods Manifest.lock */,
				437D4B861F3113C5001BA23E /* Sources */,
				437D4B871F3113C5001BA23E /* Frameworks */,
				437D4B881F3113C5001BA23E /* Resources */,
				5E78962F7B4BB9F9D15CC1D0 /* [CP] Embed Pods Frameworks */,
				40E615E3AC04D22B253222D9 /* [CP] Copy Pods Resources */,
			);
			buildRules = (
			);
			dependencies = (
				437D4B8C1F3113C5001BA23E /* PBXTargetDependency */,
			);
			name = VivaRealChallengeTests;
			productName = VivaRealChallengeTests;
			productReference = 437D4B8A1F3113C5001BA23E /* VivaRealChallengeTests.xctest */;
			productType = "com.apple.product-type.bundle.unit-test";
		};
/* End PBXNativeTarget section */

/* Begin PBXProject section */
		437D4B6E1F3113C5001BA23E /* Project object */ = {
			isa = PBXProject;
			attributes = {
				LastSwiftUpdateCheck = 0830;
				LastUpgradeCheck = 0830;
				ORGANIZATIONNAME = "Hoff Henry Pereira da Silva";
				TargetAttributes = {
					437D4B751F3113C5001BA23E = {
						CreatedOnToolsVersion = 8.3.3;
						DevelopmentTeam = C434CHPZ37;
						ProvisioningStyle = Automatic;
					};
					437D4B891F3113C5001BA23E = {
						CreatedOnToolsVersion = 8.3.3;
						DevelopmentTeam = C434CHPZ37;
						ProvisioningStyle = Automatic;
						TestTargetID = 437D4B751F3113C5001BA23E;
					};
				};
			};
			buildConfigurationList = 437D4B711F3113C5001BA23E /* Build configuration list for PBXProject "VivaRealChallenge" */;
			compatibilityVersion = "Xcode 3.2";
			developmentRegion = English;
			hasScannedForEncodings = 0;
			knownRegions = (
				en,
				Base,
			);
			mainGroup = 437D4B6D1F3113C5001BA23E;
			productRefGroup = 437D4B771F3113C5001BA23E /* Products */;
			projectDirPath = "";
			projectRoot = "";
			targets = (
				437D4B751F3113C5001BA23E /* VivaRealChallenge */,
				437D4B891F3113C5001BA23E /* VivaRealChallengeTests */,
			);
		};
/* End PBXProject section */

/* Begin PBXResourcesBuildPhase section */
		437D4B741F3113C5001BA23E /* Resources */ = {
			isa = PBXResourcesBuildPhase;
			buildActionMask = 2147483647;
			files = (
				437D4BD91F317CE5001BA23E /* mine.jpg in Resources */,
				437D4BE21F317CE5001BA23E /* halo.jpg in Resources */,
				437D4BD81F317CE5001BA23E /* tb.jpg in Resources */,
				437D4BD61F317CE5001BA23E /* ts.jpg in Resources */,
				437D4BDC1F317CE5001BA23E /* ac.jpg in Resources */,
				437D4BE41F317CE5001BA23E /* mk.jpg in Resources */,
				437D4B841F3113C5001BA23E /* LaunchScreen.storyboard in Resources */,
				437D4BB31F31521E001BA23E /* EnvironmentLinks.plist in Resources */,
				437D4BD71F317CE5001BA23E /* tf.jpg in Resources */,
				437D4BE01F317CE5001BA23E /* gta.jpg in Resources */,
				437D4BD41F317CE5001BA23E /* halo1.jpg in Resources */,
				437D4BDF1F317CE5001BA23E /* hitman.jpg in Resources */,
				437D4B811F3113C5001BA23E /* Assets.xcassets in Resources */,
				437D4BDB1F317CE5001BA23E /* halob.jpg in Resources */,
				437D4BE11F317CE5001BA23E /* ds.jpg in Resources */,
				437D4BE31F317CE5001BA23E /* battlefield.jpg in Resources */,
				437D4BDD1F317CE5001BA23E /* fc.jpg in Resources */,
				437D4BD01F317CE5001BA23E /* bs.jpg in Resources */,
				437D4BD11F317CE5001BA23E /* ac2.jpg in Resources */,
				437D4BDE1F317CE5001BA23E /* wd.jpg in Resources */,
				437D4BCF1F317CE5001BA23E /* ac3.jpg in Resources */,
				437D4BD21F317CE5001BA23E /* tf3.jpg in Resources */,
				437D4BA91F314595001BA23E /* RequestLinks.plist in Resources */,
				437D4BDA1F317CE5001BA23E /* metro.jpg in Resources */,
				437D4BD31F317CE5001BA23E /* tf2.jpg in Resources */,
				437D4B7F1F3113C5001BA23E /* Main.storyboard in Resources */,
				437D4BD51F317CE5001BA23E /* cs.jpg in Resources */,
			);
			runOnlyForDeploymentPostprocessing = 0;
		};
		437D4B881F3113C5001BA23E /* Resources */ = {
			isa = PBXResourcesBuildPhase;
			buildActionMask = 2147483647;
			files = (
			);
			runOnlyForDeploymentPostprocessing = 0;
		};
/* End PBXResourcesBuildPhase section */

/* Begin PBXShellScriptBuildPhase section */
		40E615E3AC04D22B253222D9 /* [CP] Copy Pods Resources */ = {
			isa = PBXShellScriptBuildPhase;
			buildActionMask = 2147483647;
			files = (
			);
			inputPaths = (
			);
			name = "[CP] Copy Pods Resources";
			outputPaths = (
			);
			runOnlyForDeploymentPostprocessing = 0;
			shellPath = /bin/sh;
			shellScript = "\"${SRCROOT}/Pods/Target Support Files/Pods-VivaRealChallengeTests/Pods-VivaRealChallengeTests-resources.sh\"\n";
			showEnvVarsInLog = 0;
		};
		44F56A904A95AAE83B02D368 /* [CP] Check Pods Manifest.lock */ = {
			isa = PBXShellScriptBuildPhase;
			buildActionMask = 2147483647;
			files = (
			);
			inputPaths = (
			);
			name = "[CP] Check Pods Manifest.lock";
			outputPaths = (
			);
			runOnlyForDeploymentPostprocessing = 0;
			shellPath = /bin/sh;
			shellScript = "diff \"${PODS_PODFILE_DIR_PATH}/Podfile.lock\" \"${PODS_ROOT}/Manifest.lock\" > /dev/null\nif [ $? != 0 ] ; then\n    # print error to STDERR\n    echo \"error: The sandbox is not in sync with the Podfile.lock. Run 'pod install' or update your CocoaPods installation.\" >&2\n    exit 1\nfi\n";
			showEnvVarsInLog = 0;
		};
		5E78962F7B4BB9F9D15CC1D0 /* [CP] Embed Pods Frameworks */ = {
			isa = PBXShellScriptBuildPhase;
			buildActionMask = 2147483647;
			files = (
			);
			inputPaths = (
			);
			name = "[CP] Embed Pods Frameworks";
			outputPaths = (
			);
			runOnlyForDeploymentPostprocessing = 0;
			shellPath = /bin/sh;
			shellScript = "\"${SRCROOT}/Pods/Target Support Files/Pods-VivaRealChallengeTests/Pods-VivaRealChallengeTests-frameworks.sh\"\n";
			showEnvVarsInLog = 0;
		};
		91916347DA152CA276B50865 /* [CP] Check Pods Manifest.lock */ = {
			isa = PBXShellScriptBuildPhase;
			buildActionMask = 2147483647;
			files = (
			);
			inputPaths = (
			);
			name = "[CP] Check Pods Manifest.lock";
			outputPaths = (
			);
			runOnlyForDeploymentPostprocessing = 0;
			shellPath = /bin/sh;
			shellScript = "diff \"${PODS_PODFILE_DIR_PATH}/Podfile.lock\" \"${PODS_ROOT}/Manifest.lock\" > /dev/null\nif [ $? != 0 ] ; then\n    # print error to STDERR\n    echo \"error: The sandbox is not in sync with the Podfile.lock. Run 'pod install' or update your CocoaPods installation.\" >&2\n    exit 1\nfi\n";
			showEnvVarsInLog = 0;
		};
		AE94086ED27A707F49208FB6 /* [CP] Copy Pods Resources */ = {
			isa = PBXShellScriptBuildPhase;
			buildActionMask = 2147483647;
			files = (
			);
			inputPaths = (
			);
			name = "[CP] Copy Pods Resources";
			outputPaths = (
			);
			runOnlyForDeploymentPostprocessing = 0;
			shellPath = /bin/sh;
			shellScript = "\"${SRCROOT}/Pods/Target Support Files/Pods-VivaRealChallenge/Pods-VivaRealChallenge-resources.sh\"\n";
			showEnvVarsInLog = 0;
		};
		F5821A50679A790D893C2917 /* [CP] Embed Pods Frameworks */ = {
			isa = PBXShellScriptBuildPhase;
			buildActionMask = 2147483647;
			files = (
			);
			inputPaths = (
			);
			name = "[CP] Embed Pods Frameworks";
			outputPaths = (
			);
			runOnlyForDeploymentPostprocessing = 0;
			shellPath = /bin/sh;
			shellScript = "\"${SRCROOT}/Pods/Target Support Files/Pods-VivaRealChallenge/Pods-VivaRealChallenge-frameworks.sh\"\n";
			showEnvVarsInLog = 0;
		};
/* End PBXShellScriptBuildPhase section */

/* Begin PBXSourcesBuildPhase section */
		437D4B721F3113C5001BA23E /* Sources */ = {
			isa = PBXSourcesBuildPhase;
			buildActionMask = 2147483647;
			files = (
				437D4BA51F3143F9001BA23E /* Session.swift in Sources */,
				437D4B7C1F3113C5001BA23E /* ViewController.swift in Sources */,
				437D4BE81F321756001BA23E /* DetailGameTableView.swift in Sources */,
				437D4BEC1F325348001BA23E /* SwiftNotice.swift in Sources */,
				437D4BB71F317517001BA23E /* GameCollectionView.swift in Sources */,
				437D4BA31F314052001BA23E /* Connection.swift in Sources */,
				437D4BB21F31521E001BA23E /* EnvironmentLinks.swift in Sources */,
				437D4B9E1F31222D001BA23E /* Game.swift in Sources */,
				437D4BAB1F314965001BA23E /* GameController.swift in Sources */,
				437D4B9F1F31222D001BA23E /* ResponseData.swift in Sources */,
				437D4BB51F3159F1001BA23E /* FileManager.swift in Sources */,
				437D4BEE1F325C03001BA23E /* GameSingleton.swift in Sources */,
				437D4BE61F3181B6001BA23E /* GameCollectionViewCell.swift in Sources */,
				437D4BF11F32A4EE001BA23E /* GameRealmModel.swift in Sources */,
				437D4BAD1F314B40001BA23E /* Service.swift in Sources */,
				437D4BAF1F314B9A001BA23E /* Model.swift in Sources */,
				437D4B7A1F3113C5001BA23E /* AppDelegate.swift in Sources */,
			);
			runOnlyForDeploymentPostprocessing = 0;
		};
		437D4B861F3113C5001BA23E /* Sources */ = {
			isa = PBXSourcesBuildPhase;
			buildActionMask = 2147483647;
			files = (
				437D4B8F1F3113C5001BA23E /* VivaRealChallengeTests.swift in Sources */,
			);
			runOnlyForDeploymentPostprocessing = 0;
		};
/* End PBXSourcesBuildPhase section */

/* Begin PBXTargetDependency section */
		437D4B8C1F3113C5001BA23E /* PBXTargetDependency */ = {
			isa = PBXTargetDependency;
			target = 437D4B751F3113C5001BA23E /* VivaRealChallenge */;
			targetProxy = 437D4B8B1F3113C5001BA23E /* PBXContainerItemProxy */;
		};
/* End PBXTargetDependency section */

/* Begin PBXVariantGroup section */
		437D4B7D1F3113C5001BA23E /* Main.storyboard */ = {
			isa = PBXVariantGroup;
			children = (
				437D4B7E1F3113C5001BA23E /* Base */,
			);
			name = Main.storyboard;
			sourceTree = "<group>";
		};
		437D4B821F3113C5001BA23E /* LaunchScreen.storyboard */ = {
			isa = PBXVariantGroup;
			children = (
				437D4B831F3113C5001BA23E /* Base */,
			);
			name = LaunchScreen.storyboard;
			sourceTree = "<group>";
		};
/* End PBXVariantGroup section */

/* Begin XCBuildConfiguration section */
		437D4B911F3113C5001BA23E /* Debug */ = {
			isa = XCBuildConfiguration;
			buildSettings = {
				ALWAYS_SEARCH_USER_PATHS = NO;
				CLANG_ANALYZER_NONNULL = YES;
				CLANG_ANALYZER_NUMBER_OBJECT_CONVERSION = YES_AGGRESSIVE;
				CLANG_CXX_LANGUAGE_STANDARD = "gnu++0x";
				CLANG_CXX_LIBRARY = "libc++";
				CLANG_ENABLE_MODULES = YES;
				CLANG_ENABLE_OBJC_ARC = YES;
				CLANG_WARN_BOOL_CONVERSION = YES;
				CLANG_WARN_CONSTANT_CONVERSION = YES;
				CLANG_WARN_DIRECT_OBJC_ISA_USAGE = YES_ERROR;
				CLANG_WARN_DOCUMENTATION_COMMENTS = YES;
				CLANG_WARN_EMPTY_BODY = YES;
				CLANG_WARN_ENUM_CONVERSION = YES;
				CLANG_WARN_INFINITE_RECURSION = YES;
				CLANG_WARN_INT_CONVERSION = YES;
				CLANG_WARN_OBJC_ROOT_CLASS = YES_ERROR;
				CLANG_WARN_SUSPICIOUS_MOVE = YES;
				CLANG_WARN_UNREACHABLE_CODE = YES;
				CLANG_WARN__DUPLICATE_METHOD_MATCH = YES;
				"CODE_SIGN_IDENTITY[sdk=iphoneos*]" = "iPhone Developer";
				COPY_PHASE_STRIP = NO;
				DEBUG_INFORMATION_FORMAT = dwarf;
				ENABLE_STRICT_OBJC_MSGSEND = YES;
				ENABLE_TESTABILITY = YES;
				GCC_C_LANGUAGE_STANDARD = gnu99;
				GCC_DYNAMIC_NO_PIC = NO;
				GCC_NO_COMMON_BLOCKS = YES;
				GCC_OPTIMIZATION_LEVEL = 0;
				GCC_PREPROCESSOR_DEFINITIONS = (
					"DEBUG=1",
					"$(inherited)",
				);
				GCC_WARN_64_TO_32_BIT_CONVERSION = YES;
				GCC_WARN_ABOUT_RETURN_TYPE = YES_ERROR;
				GCC_WARN_UNDECLARED_SELECTOR = YES;
				GCC_WARN_UNINITIALIZED_AUTOS = YES_AGGRESSIVE;
				GCC_WARN_UNUSED_FUNCTION = YES;
				GCC_WARN_UNUSED_VARIABLE = YES;
				IPHONEOS_DEPLOYMENT_TARGET = 10.3;
				MTL_ENABLE_DEBUG_INFO = YES;
				ONLY_ACTIVE_ARCH = YES;
				SDKROOT = iphoneos;
				SWIFT_ACTIVE_COMPILATION_CONDITIONS = DEBUG;
				SWIFT_OPTIMIZATION_LEVEL = "-Onone";
			};
			name = Debug;
		};
		437D4B921F3113C5001BA23E /* Release */ = {
			isa = XCBuildConfiguration;
			buildSettings = {
				ALWAYS_SEARCH_USER_PATHS = NO;
				CLANG_ANALYZER_NONNULL = YES;
				CLANG_ANALYZER_NUMBER_OBJECT_CONVERSION = YES_AGGRESSIVE;
				CLANG_CXX_LANGUAGE_STANDARD = "gnu++0x";
				CLANG_CXX_LIBRARY = "libc++";
				CLANG_ENABLE_MODULES = YES;
				CLANG_ENABLE_OBJC_ARC = YES;
				CLANG_WARN_BOOL_CONVERSION = YES;
				CLANG_WARN_CONSTANT_CONVERSION = YES;
				CLANG_WARN_DIRECT_OBJC_ISA_USAGE = YES_ERROR;
				CLANG_WARN_DOCUMENTATION_COMMENTS = YES;
				CLANG_WARN_EMPTY_BODY = YES;
				CLANG_WARN_ENUM_CONVERSION = YES;
				CLANG_WARN_INFINITE_RECURSION = YES;
				CLANG_WARN_INT_CONVERSION = YES;
				CLANG_WARN_OBJC_ROOT_CLASS = YES_ERROR;
				CLANG_WARN_SUSPICIOUS_MOVE = YES;
				CLANG_WARN_UNREACHABLE_CODE = YES;
				CLANG_WARN__DUPLICATE_METHOD_MATCH = YES;
				"CODE_SIGN_IDENTITY[sdk=iphoneos*]" = "iPhone Developer";
				COPY_PHASE_STRIP = NO;
				DEBUG_INFORMATION_FORMAT = "dwarf-with-dsym";
				ENABLE_NS_ASSERTIONS = NO;
				ENABLE_STRICT_OBJC_MSGSEND = YES;
				GCC_C_LANGUAGE_STANDARD = gnu99;
				GCC_NO_COMMON_BLOCKS = YES;
				GCC_WARN_64_TO_32_BIT_CONVERSION = YES;
				GCC_WARN_ABOUT_RETURN_TYPE = YES_ERROR;
				GCC_WARN_UNDECLARED_SELECTOR = YES;
				GCC_WARN_UNINITIALIZED_AUTOS = YES_AGGRESSIVE;
				GCC_WARN_UNUSED_FUNCTION = YES;
				GCC_WARN_UNUSED_VARIABLE = YES;
				IPHONEOS_DEPLOYMENT_TARGET = 10.3;
				MTL_ENABLE_DEBUG_INFO = NO;
				SDKROOT = iphoneos;
				SWIFT_OPTIMIZATION_LEVEL = "-Owholemodule";
				VALIDATE_PRODUCT = YES;
			};
			name = Release;
		};
		437D4B941F3113C5001BA23E /* Debug */ = {
			isa = XCBuildConfiguration;
			baseConfigurationReference = D2667EC30674AA252485B6E6 /* Pods-VivaRealChallenge.debug.xcconfig */;
			buildSettings = {
				ASSETCATALOG_COMPILER_APPICON_NAME = AppIcon;
				DEVELOPMENT_TEAM = C434CHPZ37;
				INFOPLIST_FILE = VivaRealChallenge/Info.plist;
				IPHONEOS_DEPLOYMENT_TARGET = 9.0;
				LD_RUNPATH_SEARCH_PATHS = "$(inherited) @executable_path/Frameworks";
				PRODUCT_BUNDLE_IDENTIFIER = com.hoffsilva.VivaRealChallenge;
				PRODUCT_NAME = "$(TARGET_NAME)";
				SWIFT_VERSION = 3.0;
				TARGETED_DEVICE_FAMILY = "1,2";
			};
			name = Debug;
		};
		437D4B951F3113C5001BA23E /* Release */ = {
			isa = XCBuildConfiguration;
			baseConfigurationReference = 658A6F2E019EB4089FE5B64D /* Pods-VivaRealChallenge.release.xcconfig */;
			buildSettings = {
				ASSETCATALOG_COMPILER_APPICON_NAME = AppIcon;
				DEVELOPMENT_TEAM = C434CHPZ37;
				INFOPLIST_FILE = VivaRealChallenge/Info.plist;
				IPHONEOS_DEPLOYMENT_TARGET = 9.0;
				LD_RUNPATH_SEARCH_PATHS = "$(inherited) @executable_path/Frameworks";
				PRODUCT_BUNDLE_IDENTIFIER = com.hoffsilva.VivaRealChallenge;
				PRODUCT_NAME = "$(TARGET_NAME)";
				SWIFT_VERSION = 3.0;
				TARGETED_DEVICE_FAMILY = "1,2";
			};
			name = Release;
		};
		437D4B971F3113C5001BA23E /* Debug */ = {
			isa = XCBuildConfiguration;
			baseConfigurationReference = C787751AB13326D5227E14AF /* Pods-VivaRealChallengeTests.debug.xcconfig */;
			buildSettings = {
				ALWAYS_EMBED_SWIFT_STANDARD_LIBRARIES = YES;
				BUNDLE_LOADER = "$(TEST_HOST)";
				DEVELOPMENT_TEAM = C434CHPZ37;
				INFOPLIST_FILE = VivaRealChallengeTests/Info.plist;
				LD_RUNPATH_SEARCH_PATHS = "$(inherited) @executable_path/Frameworks @loader_path/Frameworks";
				PRODUCT_BUNDLE_IDENTIFIER = com.hoffsilva.VivaRealChallengeTests;
				PRODUCT_NAME = "$(TARGET_NAME)";
				SWIFT_VERSION = 3.0;
				TEST_HOST = "$(BUILT_PRODUCTS_DIR)/VivaRealChallenge.app/VivaRealChallenge";
			};
			name = Debug;
		};
		437D4B981F3113C5001BA23E /* Release */ = {
			isa = XCBuildConfiguration;
			baseConfigurationReference = 18A14BB8E8D006757D3BEEE8 /* Pods-VivaRealChallengeTests.release.xcconfig */;
			buildSettings = {
				ALWAYS_EMBED_SWIFT_STANDARD_LIBRARIES = YES;
				BUNDLE_LOADER = "$(TEST_HOST)";
				DEVELOPMENT_TEAM = C434CHPZ37;
				INFOPLIST_FILE = VivaRealChallengeTests/Info.plist;
				LD_RUNPATH_SEARCH_PATHS = "$(inherited) @executable_path/Frameworks @loader_path/Frameworks";
				PRODUCT_BUNDLE_IDENTIFIER = com.hoffsilva.VivaRealChallengeTests;
				PRODUCT_NAME = "$(TARGET_NAME)";
				SWIFT_VERSION = 3.0;
				TEST_HOST = "$(BUILT_PRODUCTS_DIR)/VivaRealChallenge.app/VivaRealChallenge";
			};
			name = Release;
		};
/* End XCBuildConfiguration section */

/* Begin XCConfigurationList section */
		437D4B711F3113C5001BA23E /* Build configuration list for PBXProject "VivaRealChallenge" */ = {
			isa = XCConfigurationList;
			buildConfigurations = (
				437D4B911F3113C5001BA23E /* Debug */,
				437D4B921F3113C5001BA23E /* Release */,
			);
			defaultConfigurationIsVisible = 0;
			defaultConfigurationName = Release;
		};
		437D4B931F3113C5001BA23E /* Build configuration list for PBXNativeTarget "VivaRealChallenge" */ = {
			isa = XCConfigurationList;
			buildConfigurations = (
				437D4B941F3113C5001BA23E /* Debug */,
				437D4B951F3113C5001BA23E /* Release */,
			);
			defaultConfigurationIsVisible = 0;
			defaultConfigurationName = Release;
		};
		437D4B961F3113C5001BA23E /* Build configuration list for PBXNativeTarget "VivaRealChallengeTests" */ = {
			isa = XCConfigurationList;
			buildConfigurations = (
				437D4B971F3113C5001BA23E /* Debug */,
				437D4B981F3113C5001BA23E /* Release */,
			);
			defaultConfigurationIsVisible = 0;
			defaultConfigurationName = Release;
		};
/* End XCConfigurationList section */
	};
	rootObject = 437D4B6E1F3113C5001BA23E /* Project object */;
}
